// !$*UTF8*$!
{
	archiveVersion = 1;
	classes = {
	};
	objectVersion = 56;
	objects = {

/* Begin PBXBuildFile section */
		D5BFC777292DFB0600C4C631 /* DY.swift in Sources */ = {isa = PBXBuildFile; fileRef = D5BFC776292DFB0600C4C631 /* DY.swift */; };
		D5BFC779292F46B300C4C631 /* fineDust.swift in Sources */ = {isa = PBXBuildFile; fileRef = D5BFC778292F46B300C4C631 /* fineDust.swift */; };
		D5BFC77B292F474700C4C631 /* fineDustChart.swift in Sources */ = {isa = PBXBuildFile; fileRef = D5BFC77A292F474700C4C631 /* fineDustChart.swift */; };
		D5BFC77D292F4DA600C4C631 /* microDustChart.swift in Sources */ = {isa = PBXBuildFile; fileRef = D5BFC77C292F4DA600C4C631 /* microDustChart.swift */; };
		D5BFC77F292F619E00C4C631 /* SafariView.swift in Sources */ = {isa = PBXBuildFile; fileRef = D5BFC77E292F619E00C4C631 /* SafariView.swift */; };
		F262F583292DB3BA00464363 /* ListJsonApp.swift in Sources */ = {isa = PBXBuildFile; fileRef = F262F582292DB3BA00464363 /* ListJsonApp.swift */; };
		F262F585292DB3BA00464363 /* ContentView.swift in Sources */ = {isa = PBXBuildFile; fileRef = F262F584292DB3BA00464363 /* ContentView.swift */; };
		F262F587292DB3BC00464363 /* Assets.xcassets in Resources */ = {isa = PBXBuildFile; fileRef = F262F586292DB3BC00464363 /* Assets.xcassets */; };
		F262F58A292DB3BC00464363 /* Preview Assets.xcassets in Resources */ = {isa = PBXBuildFile; fileRef = F262F589292DB3BC00464363 /* Preview Assets.xcassets */; };
		F262F591292DB93900464363 /* JH.swift in Sources */ = {isa = PBXBuildFile; fileRef = F262F590292DB93900464363 /* JH.swift */; };
		F262F593292DB98A00464363 /* JS.swift in Sources */ = {isa = PBXBuildFile; fileRef = F262F592292DB98A00464363 /* JS.swift */; };
		F262F595292DB99300464363 /* SH.swift in Sources */ = {isa = PBXBuildFile; fileRef = F262F594292DB99300464363 /* SH.swift */; };
		F262F597292DB99A00464363 /* DY_map.swift in Sources */ = {isa = PBXBuildFile; fileRef = F262F596292DB99A00464363 /* DY_map.swift */; };
		F262F5B7292DE10100464363 /* MapDetialView.swift in Sources */ = {isa = PBXBuildFile; fileRef = F262F5B6292DE10100464363 /* MapDetialView.swift */; };
/* End PBXBuildFile section */

/* Begin PBXFileReference section */
		D5BFC776292DFB0600C4C631 /* DY.swift */ = {isa = PBXFileReference; lastKnownFileType = sourcecode.swift; path = DY.swift; sourceTree = "<group>"; };
		D5BFC778292F46B300C4C631 /* fineDust.swift */ = {isa = PBXFileReference; fileEncoding = 4; lastKnownFileType = sourcecode.swift; path = fineDust.swift; sourceTree = "<group>"; };
		D5BFC77A292F474700C4C631 /* fineDustChart.swift */ = {isa = PBXFileReference; lastKnownFileType = sourcecode.swift; path = fineDustChart.swift; sourceTree = "<group>"; };
		D5BFC77C292F4DA600C4C631 /* microDustChart.swift */ = {isa = PBXFileReference; lastKnownFileType = sourcecode.swift; path = microDustChart.swift; sourceTree = "<group>"; };
		D5BFC77E292F619E00C4C631 /* SafariView.swift */ = {isa = PBXFileReference; lastKnownFileType = sourcecode.swift; path = SafariView.swift; sourceTree = "<group>"; };
		F262F57F292DB3BA00464363 /* ListJson.app */ = {isa = PBXFileReference; explicitFileType = wrapper.application; includeInIndex = 0; path = ListJson.app; sourceTree = BUILT_PRODUCTS_DIR; };
		F262F582292DB3BA00464363 /* ListJsonApp.swift */ = {isa = PBXFileReference; lastKnownFileType = sourcecode.swift; path = ListJsonApp.swift; sourceTree = "<group>"; };
		F262F584292DB3BA00464363 /* ContentView.swift */ = {isa = PBXFileReference; lastKnownFileType = sourcecode.swift; path = ContentView.swift; sourceTree = "<group>"; };
		F262F586292DB3BC00464363 /* Assets.xcassets */ = {isa = PBXFileReference; lastKnownFileType = folder.assetcatalog; path = Assets.xcassets; sourceTree = "<group>"; };
		F262F589292DB3BC00464363 /* Preview Assets.xcassets */ = {isa = PBXFileReference; lastKnownFileType = folder.assetcatalog; path = "Preview Assets.xcassets"; sourceTree = "<group>"; };
		F262F590292DB93900464363 /* JH.swift */ = {isa = PBXFileReference; lastKnownFileType = sourcecode.swift; path = JH.swift; sourceTree = "<group>"; };
		F262F592292DB98A00464363 /* JS.swift */ = {isa = PBXFileReference; lastKnownFileType = sourcecode.swift; path = JS.swift; sourceTree = "<group>"; };
		F262F594292DB99300464363 /* SH.swift */ = {isa = PBXFileReference; lastKnownFileType = sourcecode.swift; path = SH.swift; sourceTree = "<group>"; };
		F262F596292DB99A00464363 /* DY_map.swift */ = {isa = PBXFileReference; lastKnownFileType = sourcecode.swift; path = DY_map.swift; sourceTree = "<group>"; };
		F262F5B6292DE10100464363 /* MapDetialView.swift */ = {isa = PBXFileReference; lastKnownFileType = sourcecode.swift; path = MapDetialView.swift; sourceTree = "<group>"; };
/* End PBXFileReference section */

/* Begin PBXFrameworksBuildPhase section */
		F262F57C292DB3BA00464363 /* Frameworks */ = {
			isa = PBXFrameworksBuildPhase;
			buildActionMask = 2147483647;
			files = (
			);
			runOnlyForDeploymentPostprocessing = 0;
		};
/* End PBXFrameworksBuildPhase section */

/* Begin PBXGroup section */
		F262F576292DB3BA00464363 = {
			isa = PBXGroup;
			children = (
				F262F581292DB3BA00464363 /* ListJson */,
				F262F580292DB3BA00464363 /* Products */,
			);
			sourceTree = "<group>";
		};
		F262F580292DB3BA00464363 /* Products */ = {
			isa = PBXGroup;
			children = (
				F262F57F292DB3BA00464363 /* ListJson.app */,
			);
			name = Products;
			sourceTree = "<group>";
		};
		F262F581292DB3BA00464363 /* ListJson */ = {
			isa = PBXGroup;
			children = (
				F262F582292DB3BA00464363 /* ListJsonApp.swift */,
				F262F584292DB3BA00464363 /* ContentView.swift */,
				F262F586292DB3BC00464363 /* Assets.xcassets */,
				F262F588292DB3BC00464363 /* Preview Content */,
				F262F590292DB93900464363 /* JH.swift */,
				D5BFC77E292F619E00C4C631 /* SafariView.swift */,
				F262F592292DB98A00464363 /* JS.swift */,
				F262F594292DB99300464363 /* SH.swift */,
				F262F596292DB99A00464363 /* DY_map.swift */,
				D5BFC776292DFB0600C4C631 /* DY.swift */,
				F262F5B6292DE10100464363 /* MapDetialView.swift */,
				D5BFC778292F46B300C4C631 /* fineDust.swift */,
				D5BFC77C292F4DA600C4C631 /* microDustChart.swift */,
				D5BFC77A292F474700C4C631 /* fineDustChart.swift */,
			);
			path = ListJson;
			sourceTree = "<group>";
		};
		F262F588292DB3BC00464363 /* Preview Content */ = {
			isa = PBXGroup;
			children = (
				F262F589292DB3BC00464363 /* Preview Assets.xcassets */,
			);
			path = "Preview Content";
			sourceTree = "<group>";
		};
/* End PBXGroup section */

/* Begin PBXNativeTarget section */
		F262F57E292DB3BA00464363 /* ListJson */ = {
			isa = PBXNativeTarget;
			buildConfigurationList = F262F58D292DB3BC00464363 /* Build configuration list for PBXNativeTarget "ListJson" */;
			buildPhases = (
				F262F57B292DB3BA00464363 /* Sources */,
				F262F57C292DB3BA00464363 /* Frameworks */,
				F262F57D292DB3BA00464363 /* Resources */,
			);
			buildRules = (
			);
			dependencies = (
			);
			name = ListJson;
			productName = ListJson;
			productReference = F262F57F292DB3BA00464363 /* ListJson.app */;
			productType = "com.apple.product-type.application";
		};
/* End PBXNativeTarget section */

/* Begin PBXProject section */
		F262F577292DB3BA00464363 /* Project object */ = {
			isa = PBXProject;
			attributes = {
				BuildIndependentTargetsInParallel = 1;
				LastSwiftUpdateCheck = 1410;
				LastUpgradeCheck = 1410;
				TargetAttributes = {
					F262F57E292DB3BA00464363 = {
						CreatedOnToolsVersion = 14.1;
					};
				};
			};
			buildConfigurationList = F262F57A292DB3BA00464363 /* Build configuration list for PBXProject "ListJson" */;
			compatibilityVersion = "Xcode 14.0";
			developmentRegion = en;
			hasScannedForEncodings = 0;
			knownRegions = (
				en,
				Base,
			);
			mainGroup = F262F576292DB3BA00464363;
			productRefGroup = F262F580292DB3BA00464363 /* Products */;
			projectDirPath = "";
			projectRoot = "";
			targets = (
				F262F57E292DB3BA00464363 /* ListJson */,
			);
		};
/* End PBXProject section */

/* Begin PBXResourcesBuildPhase section */
		F262F57D292DB3BA00464363 /* Resources */ = {
			isa = PBXResourcesBuildPhase;
			buildActionMask = 2147483647;
			files = (
				F262F58A292DB3BC00464363 /* Preview Assets.xcassets in Resources */,
				F262F587292DB3BC00464363 /* Assets.xcassets in Resources */,
			);
			runOnlyForDeploymentPostprocessing = 0;
		};
/* End PBXResourcesBuildPhase section */

/* Begin PBXSourcesBuildPhase section */
		F262F57B292DB3BA00464363 /* Sources */ = {
			isa = PBXSourcesBuildPhase;
			buildActionMask = 2147483647;
			files = (
				D5BFC777292DFB0600C4C631 /* DY.swift in Sources */,
				F262F5B7292DE10100464363 /* MapDetialView.swift in Sources */,
				F262F593292DB98A00464363 /* JS.swift in Sources */,
				D5BFC77D292F4DA600C4C631 /* microDustChart.swift in Sources */,
				D5BFC77F292F619E00C4C631 /* SafariView.swift in Sources */,
				F262F585292DB3BA00464363 /* ContentView.swift in Sources */,
				D5BFC77B292F474700C4C631 /* fineDustChart.swift in Sources */,
				F262F597292DB99A00464363 /* DY_map.swift in Sources */,
				F262F591292DB93900464363 /* JH.swift in Sources */,
				F262F595292DB99300464363 /* SH.swift in Sources */,
				D5BFC779292F46B300C4C631 /* fineDust.swift in Sources */,
				F262F583292DB3BA00464363 /* ListJsonApp.swift in Sources */,
			);
			runOnlyForDeploymentPostprocessing = 0;
		};
/* End PBXSourcesBuildPhase section */

/* Begin XCBuildConfiguration section */
		F262F58B292DB3BC00464363 /* Debug */ = {
			isa = XCBuildConfiguration;
			buildSettings = {
				ALWAYS_SEARCH_USER_PATHS = NO;
				CLANG_ANALYZER_NONNULL = YES;
				CLANG_ANALYZER_NUMBER_OBJECT_CONVERSION = YES_AGGRESSIVE;
				CLANG_CXX_LANGUAGE_STANDARD = "gnu++20";
				CLANG_ENABLE_MODULES = YES;
				CLANG_ENABLE_OBJC_ARC = YES;
				CLANG_ENABLE_OBJC_WEAK = YES;
				CLANG_WARN_BLOCK_CAPTURE_AUTORELEASING = YES;
				CLANG_WARN_BOOL_CONVERSION = YES;
				CLANG_WARN_COMMA = YES;
				CLANG_WARN_CONSTANT_CONVERSION = YES;
				CLANG_WARN_DEPRECATED_OBJC_IMPLEMENTATIONS = YES;
				CLANG_WARN_DIRECT_OBJC_ISA_USAGE = YES_ERROR;
				CLANG_WARN_DOCUMENTATION_COMMENTS = YES;
				CLANG_WARN_EMPTY_BODY = YES;
				CLANG_WARN_ENUM_CONVERSION = YES;
				CLANG_WARN_INFINITE_RECURSION = YES;
				CLANG_WARN_INT_CONVERSION = YES;
				CLANG_WARN_NON_LITERAL_NULL_CONVERSION = YES;
				CLANG_WARN_OBJC_IMPLICIT_RETAIN_SELF = YES;
				CLANG_WARN_OBJC_LITERAL_CONVERSION = YES;
				CLANG_WARN_OBJC_ROOT_CLASS = YES_ERROR;
				CLANG_WARN_QUOTED_INCLUDE_IN_FRAMEWORK_HEADER = YES;
				CLANG_WARN_RANGE_LOOP_ANALYSIS = YES;
				CLANG_WARN_STRICT_PROTOTYPES = YES;
				CLANG_WARN_SUSPICIOUS_MOVE = YES;
				CLANG_WARN_UNGUARDED_AVAILABILITY = YES_AGGRESSIVE;
				CLANG_WARN_UNREACHABLE_CODE = YES;
				CLANG_WARN__DUPLICATE_METHOD_MATCH = YES;
				COPY_PHASE_STRIP = NO;
				DEBUG_INFORMATION_FORMAT = dwarf;
				ENABLE_STRICT_OBJC_MSGSEND = YES;
				ENABLE_TESTABILITY = YES;
				GCC_C_LANGUAGE_STANDARD = gnu11;
				GCC_DYNAMIC_NO_PIC = NO;
				GCC_NO_COMMON_BLOCKS = YES;
				GCC_OPTIMIZATION_LEVEL = 0;
				GCC_PREPROCESSOR_DEFINITIONS = (
					"DEBUG=1",
					"$(inherited)",
				);
				GCC_WARN_64_TO_32_BIT_CONVERSION = YES;
				GCC_WARN_ABOUT_RETURN_TYPE = YES_ERROR;
				GCC_WARN_UNDECLARED_SELECTOR = YES;
				GCC_WARN_UNINITIALIZED_AUTOS = YES_AGGRESSIVE;
				GCC_WARN_UNUSED_FUNCTION = YES;
				GCC_WARN_UNUSED_VARIABLE = YES;
				IPHONEOS_DEPLOYMENT_TARGET = 16.1;
				MTL_ENABLE_DEBUG_INFO = INCLUDE_SOURCE;
				MTL_FAST_MATH = YES;
				ONLY_ACTIVE_ARCH = YES;
				SDKROOT = iphoneos;
				SWIFT_ACTIVE_COMPILATION_CONDITIONS = DEBUG;
				SWIFT_OPTIMIZATION_LEVEL = "-Onone";
			};
			name = Debug;
		};
		F262F58C292DB3BC00464363 /* Release */ = {
			isa = XCBuildConfiguration;
			buildSettings = {
				ALWAYS_SEARCH_USER_PATHS = NO;
				CLANG_ANALYZER_NONNULL = YES;
				CLANG_ANALYZER_NUMBER_OBJECT_CONVERSION = YES_AGGRESSIVE;
				CLANG_CXX_LANGUAGE_STANDARD = "gnu++20";
				CLANG_ENABLE_MODULES = YES;
				CLANG_ENABLE_OBJC_ARC = YES;
				CLANG_ENABLE_OBJC_WEAK = YES;
				CLANG_WARN_BLOCK_CAPTURE_AUTORELEASING = YES;
				CLANG_WARN_BOOL_CONVERSION = YES;
				CLANG_WARN_COMMA = YES;
				CLANG_WARN_CONSTANT_CONVERSION = YES;
				CLANG_WARN_DEPRECATED_OBJC_IMPLEMENTATIONS = YES;
				CLANG_WARN_DIRECT_OBJC_ISA_USAGE = YES_ERROR;
				CLANG_WARN_DOCUMENTATION_COMMENTS = YES;
				CLANG_WARN_EMPTY_BODY = YES;
				CLANG_WARN_ENUM_CONVERSION = YES;
				CLANG_WARN_INFINITE_RECURSION = YES;
				CLANG_WARN_INT_CONVERSION = YES;
				CLANG_WARN_NON_LITERAL_NULL_CONVERSION = YES;
				CLANG_WARN_OBJC_IMPLICIT_RETAIN_SELF = YES;
				CLANG_WARN_OBJC_LITERAL_CONVERSION = YES;
				CLANG_WARN_OBJC_ROOT_CLASS = YES_ERROR;
				CLANG_WARN_QUOTED_INCLUDE_IN_FRAMEWORK_HEADER = YES;
				CLANG_WARN_RANGE_LOOP_ANALYSIS = YES;
				CLANG_WARN_STRICT_PROTOTYPES = YES;
				CLANG_WARN_SUSPICIOUS_MOVE = YES;
				CLANG_WARN_UNGUARDED_AVAILABILITY = YES_AGGRESSIVE;
				CLANG_WARN_UNREACHABLE_CODE = YES;
				CLANG_WARN__DUPLICATE_METHOD_MATCH = YES;
				COPY_PHASE_STRIP = NO;
				DEBUG_INFORMATION_FORMAT = "dwarf-with-dsym";
				ENABLE_NS_ASSERTIONS = NO;
				ENABLE_STRICT_OBJC_MSGSEND = YES;
				GCC_C_LANGUAGE_STANDARD = gnu11;
				GCC_NO_COMMON_BLOCKS = YES;
				GCC_WARN_64_TO_32_BIT_CONVERSION = YES;
				GCC_WARN_ABOUT_RETURN_TYPE = YES_ERROR;
				GCC_WARN_UNDECLARED_SELECTOR = YES;
				GCC_WARN_UNINITIALIZED_AUTOS = YES_AGGRESSIVE;
				GCC_WARN_UNUSED_FUNCTION = YES;
				GCC_WARN_UNUSED_VARIABLE = YES;
				IPHONEOS_DEPLOYMENT_TARGET = 16.1;
				MTL_ENABLE_DEBUG_INFO = NO;
				MTL_FAST_MATH = YES;
				SDKROOT = iphoneos;
				SWIFT_COMPILATION_MODE = wholemodule;
				SWIFT_OPTIMIZATION_LEVEL = "-O";
				VALIDATE_PRODUCT = YES;
			};
			name = Release;
		};
		F262F58E292DB3BC00464363 /* Debug */ = {
			isa = XCBuildConfiguration;
			buildSettings = {
				ASSETCATALOG_COMPILER_APPICON_NAME = AppIcon;
				ASSETCATALOG_COMPILER_GLOBAL_ACCENT_COLOR_NAME = AccentColor;
				CODE_SIGN_STYLE = Automatic;
				CURRENT_PROJECT_VERSION = 1;
				DEVELOPMENT_ASSET_PATHS = "\"ListJson/Preview Content\"";
				DEVELOPMENT_TEAM = 699L8LQSR7;
				ENABLE_PREVIEWS = YES;
				GENERATE_INFOPLIST_FILE = YES;
				INFOPLIST_KEY_UIApplicationSceneManifest_Generation = YES;
				INFOPLIST_KEY_UIApplicationSupportsIndirectInputEvents = YES;
				INFOPLIST_KEY_UILaunchScreen_Generation = YES;
				INFOPLIST_KEY_UISupportedInterfaceOrientations_iPad = "UIInterfaceOrientationPortrait UIInterfaceOrientationPortraitUpsideDown UIInterfaceOrientationLandscapeLeft UIInterfaceOrientationLandscapeRight";
				INFOPLIST_KEY_UISupportedInterfaceOrientations_iPhone = "UIInterfaceOrientationPortrait UIInterfaceOrientationLandscapeLeft UIInterfaceOrientationLandscapeRight";
				LD_RUNPATH_SEARCH_PATHS = (
					"$(inherited)",
					"@executable_path/Frameworks",
				);
				MARKETING_VERSION = 1.0;
				PRODUCT_BUNDLE_IDENTIFIER = com.codeLion.ListJson;
				PRODUCT_NAME = "$(TARGET_NAME)";
				SWIFT_EMIT_LOC_STRINGS = YES;
				SWIFT_VERSION = 5.0;
				TARGETED_DEVICE_FAMILY = "1,2";
			};
			name = Debug;
		};
		F262F58F292DB3BC00464363 /* Release */ = {
			isa = XCBuildConfiguration;
			buildSettings = {
				ASSETCATALOG_COMPILER_APPICON_NAME = AppIcon;
				ASSETCATALOG_COMPILER_GLOBAL_ACCENT_COLOR_NAME = AccentColor;
				CODE_SIGN_STYLE = Automatic;
				CURRENT_PROJECT_VERSION = 1;
				DEVELOPMENT_ASSET_PATHS = "\"ListJson/Preview Content\"";
				DEVELOPMENT_TEAM = 699L8LQSR7;
				ENABLE_PREVIEWS = YES;
				GENERATE_INFOPLIST_FILE = YES;
				INFOPLIST_KEY_UIApplicationSceneManifest_Generation = YES;
				INFOPLIST_KEY_UIApplicationSupportsIndirectInputEvents = YES;
				INFOPLIST_KEY_UILaunchScreen_Generation = YES;
				INFOPLIST_KEY_UISupportedInterfaceOrientations_iPad = "UIInterfaceOrientationPortrait UIInterfaceOrientationPortraitUpsideDown UIInterfaceOrientationLandscapeLeft UIInterfaceOrientationLandscapeRight";
				INFOPLIST_KEY_UISupportedInterfaceOrientations_iPhone = "UIInterfaceOrientationPortrait UIInterfaceOrientationLandscapeLeft UIInterfaceOrientationLandscapeRight";
				LD_RUNPATH_SEARCH_PATHS = (
					"$(inherited)",
					"@executable_path/Frameworks",
				);
				MARKETING_VERSION = 1.0;
				PRODUCT_BUNDLE_IDENTIFIER = com.codeLion.ListJson;
				PRODUCT_NAME = "$(TARGET_NAME)";
				SWIFT_EMIT_LOC_STRINGS = YES;
				SWIFT_VERSION = 5.0;
				TARGETED_DEVICE_FAMILY = "1,2";
			};
			name = Release;
		};
/* End XCBuildConfiguration section */

/* Begin XCConfigurationList section */
		F262F57A292DB3BA00464363 /* Build configuration list for PBXProject "ListJson" */ = {
			isa = XCConfigurationList;
			buildConfigurations = (
				F262F58B292DB3BC00464363 /* Debug */,
				F262F58C292DB3BC00464363 /* Release */,
			);
			defaultConfigurationIsVisible = 0;
			defaultConfigurationName = Release;
		};
		F262F58D292DB3BC00464363 /* Build configuration list for PBXNativeTarget "ListJson" */ = {
			isa = XCConfigurationList;
			buildConfigurations = (
				F262F58E292DB3BC00464363 /* Debug */,
				F262F58F292DB3BC00464363 /* Release */,
			);
			defaultConfigurationIsVisible = 0;
			defaultConfigurationName = Release;
		};
/* End XCConfigurationList section */
	};
	rootObject = F262F577292DB3BA00464363 /* Project object */;
}
